
Microsoft Visual Studio Solution File, Format Version 12.00
# Visual Studio Version 16
VisualStudioVersion = 16.0.30717.126
MinimumVisualStudioVersion = 10.0.40219.1
Project("{FAE04EC0-301F-11D3-BF4B-00C04F79EFBC}") = "Specialuppgift 1", "Specialuppgift 1.csproj", "{AD0A40A8-5F3F-4C19-B9D2-39BFECCE1CBA}"
EndProject
Global
	GlobalSection(SolutionConfigurationPlatforms) = preSolution
		Debug|Any CPU = Debug|Any CPU
		Release|Any CPU = Release|Any CPU
	EndGlobalSection
	GlobalSection(ProjectConfigurationPlatforms) = postSolution
		{AD0A40A8-5F3F-4C19-B9D2-39BFECCE1CBA}.Debug|Any CPU.ActiveCfg = Debug|Any CPU
		{AD0A40A8-5F3F-4C19-B9D2-39BFECCE1CBA}.Debug|Any CPU.Build.0 = Debug|Any CPU
		{AD0A40A8-5F3F-4C19-B9D2-39BFECCE1CBA}.Release|Any CPU.ActiveCfg = Release|Any CPU
		{AD0A40A8-5F3F-4C19-B9D2-39BFECCE1CBA}.Release|Any CPU.Build.0 = Release|Any CPU
	EndGlobalSection
	GlobalSection(SolutionProperties) = preSolution
		HideSolutionNode = FALSE
	EndGlobalSection
	GlobalSection(ExtensibilityGlobals) = postSolution
		SolutionGuid = {208A61E6-E572-4436-9BF8-B93DDDA94351}
	EndGlobalSection
EndGlobal
